
Microsoft Visual Studio Solution File, Format Version 12.00
# Visual Studio Version 17
VisualStudioVersion = 17.0.31903.59
MinimumVisualStudioVersion = 10.0.40219.1
Project("{FAE04EC0-301F-11D3-BF4B-00C04F79EFBC}") = "CloudflareBlazorTrialApi", "CloudflareBlazorTrialApi.csproj", "{083CF131-A99A-4CED-AF82-F9B007C27846}"
EndProject
Global
	GlobalSection(SolutionConfigurationPlatforms) = preSolution
		Debug|Any CPU = Debug|Any CPU
		Release|Any CPU = Release|Any CPU
	EndGlobalSection
	GlobalSection(ProjectConfigurationPlatforms) = postSolution
		{083CF131-A99A-4CED-AF82-F9B007C27846}.Debug|Any CPU.ActiveCfg = Debug|Any CPU
		{083CF131-A99A-4CED-AF82-F9B007C27846}.Debug|Any CPU.Build.0 = Debug|Any CPU
		{083CF131-A99A-4CED-AF82-F9B007C27846}.Release|Any CPU.ActiveCfg = Release|Any CPU
		{083CF131-A99A-4CED-AF82-F9B007C27846}.Release|Any CPU.Build.0 = Release|Any CPU
	EndGlobalSection
	GlobalSection(SolutionProperties) = preSolution
		HideSolutionNode = FALSE
	EndGlobalSection
	GlobalSection(ExtensibilityGlobals) = postSolution
		SolutionGuid = {7F07A90A-B503-4BD0-985B-6EBBBEE64159}
	EndGlobalSection
EndGlobal
